
Microsoft Visual Studio Solution File, Format Version 12.00
# Visual Studio Version 16
VisualStudioVersion = 16.0.29306.81
MinimumVisualStudioVersion = 10.0.40219.1
Project("{F184B08F-C81C-45F6-A57F-5ABD9991F28F}") = "filetobinarystring", "filetobinarystring\filetobinarystring.vbproj", "{1EE4A669-A42B-4254-AA8A-1FC02A113A17}"
EndProject
Global
	GlobalSection(SolutionConfigurationPlatforms) = preSolution
		Debug|Any CPU = Debug|Any CPU
		Release|Any CPU = Release|Any CPU
	EndGlobalSection
	GlobalSection(ProjectConfigurationPlatforms) = postSolution
		{1EE4A669-A42B-4254-AA8A-1FC02A113A17}.Debug|Any CPU.ActiveCfg = Debug|Any CPU
		{1EE4A669-A42B-4254-AA8A-1FC02A113A17}.Debug|Any CPU.Build.0 = Debug|Any CPU
		{1EE4A669-A42B-4254-AA8A-1FC02A113A17}.Release|Any CPU.ActiveCfg = Release|Any CPU
		{1EE4A669-A42B-4254-AA8A-1FC02A113A17}.Release|Any CPU.Build.0 = Release|Any CPU
	EndGlobalSection
	GlobalSection(SolutionProperties) = preSolution
		HideSolutionNode = FALSE
	EndGlobalSection
	GlobalSection(ExtensibilityGlobals) = postSolution
		SolutionGuid = {136192C5-D938-4EE6-B1AC-A0B442DFBD2A}
	EndGlobalSection
EndGlobal
